<?xml version="1.0" encoding="utf-8"?>
<Project ToolsVersion="4.0" xmlns="http://schemas.microsoft.com/developer/msbuild/2003">
  <ItemGroup>
    <FxCompile Include="Resources\shaders\SpriteVS.hlsl">
      <Filter>shader</Filter>
    </FxCompile>
    <FxCompile Include="Resources\shaders\SpritePS.hlsl">
      <Filter>shader</Filter>
    </FxCompile>
    <FxCompile Include="Resources\shaders\ObjVS.hlsl">
      <Filter>shader</Filter>
    </FxCompile>
    <FxCompile Include="Resources\shaders\ObjPS.hlsl">
      <Filter>shader</Filter>
    </FxCompile>
    <FxCompile Include="Resources\shaders\Object3dVS.hlsl">
      <Filter>shader</Filter>
    </FxCompile>
    <FxCompile Include="Resources\shaders\Object3dPS.hlsl">
      <Filter>shader</Filter>
    </FxCompile>
    <FxCompile Include="Resources\shaders\ParticleGS.hlsl">
      <Filter>shader</Filter>
    </FxCompile>
    <FxCompile Include="Resources\shaders\ParticlePS.hlsl">
      <Filter>shader</Filter>
    </FxCompile>
    <FxCompile Include="Resources\shaders\ParticleVS.hlsl">
      <Filter>shader</Filter>
    </FxCompile>
    <FxCompile Include="Resources\shaders\FBXPS.hlsl">
      <Filter>shader</Filter>
    </FxCompile>
    <FxCompile Include="Resources\shaders\FBXVS.hlsl">
      <Filter>shader</Filter>
    </FxCompile>
    <FxCompile Include="Resources\shaders\PostEefectPSr.hlsl">
      <Filter>shader</Filter>
    </FxCompile>
    <FxCompile Include="Resources\shaders\PostEefectVS.hlsl">
      <Filter>shader</Filter>
    </FxCompile>
  </ItemGroup>
  <ItemGroup>
    <ClCompile Include="engine\base\input\Input.cpp">
      <Filter>engine\base\Input</Filter>
    </ClCompile>
    <ClCompile Include="engine\base\WinApp\WinApp.cpp">
      <Filter>engine\base\WinApp</Filter>
    </ClCompile>
    <ClCompile Include="engine\base\DirectXCommon\DirectXCommon.cpp">
      <Filter>engine\base\DirectXCommon</Filter>
    </ClCompile>
    <ClCompile Include="engine\2d\Sprite.cpp">
      <Filter>engine\2d</Filter>
    </ClCompile>
    <ClCompile Include="engine\2d\SpriteCommon.cpp">
      <Filter>engine\2d</Filter>
    </ClCompile>
    <ClCompile Include="application\scene\Framework.cpp">
      <Filter>application\Scene</Filter>
    </ClCompile>
    <ClCompile Include="application\scene\GameScene.cpp">
      <Filter>application\Scene</Filter>
    </ClCompile>
    <ClCompile Include="application\ParticleManager.cpp">
      <Filter>application</Filter>
    </ClCompile>
    <ClCompile Include="application\main.cpp">
      <Filter>application</Filter>
    </ClCompile>
    <ClCompile Include="engine\imgui\ImguiManager.cpp">
      <Filter>engine\imgui</Filter>
    </ClCompile>
    <ClCompile Include="engine\editor\LevelLoader.cpp">
      <Filter>engine\editor</Filter>
    </ClCompile>
    <ClCompile Include="engine\audio\SoundManager.cpp">
      <Filter>engine\audio</Filter>
    </ClCompile>
    <ClCompile Include="engine\3d\fbx\FbxLoader.cpp">
      <Filter>engine\3d\fbx</Filter>
    </ClCompile>
    <ClCompile Include="engine\3d\fbx\FbxModel.cpp">
      <Filter>engine\3d\fbx</Filter>
    </ClCompile>
    <ClCompile Include="engine\3d\fbx\FbxObject3d.cpp">
      <Filter>engine\3d\fbx</Filter>
    </ClCompile>
    <ClCompile Include="engine\3d\camera\Camera.cpp">
      <Filter>engine\3d\camera</Filter>
    </ClCompile>
    <ClCompile Include="engine\3d\model\Model.cpp">
      <Filter>engine\3d\obj</Filter>
    </ClCompile>
    <ClCompile Include="engine\3d\model\Object3d.cpp">
      <Filter>engine\3d\obj</Filter>
    </ClCompile>
    <ClCompile Include="application\Player.cpp">
      <Filter>application</Filter>
    </ClCompile>
    <ClCompile Include="application\Bullet.cpp">
      <Filter>application</Filter>
    </ClCompile>
    <ClCompile Include="engine\2d\PostEffect.cpp" />
    <ClCompile Include="application\Aimposition.cpp">
      <Filter>application</Filter>
    </ClCompile>
    <ClCompile Include="engine\math\Matrix4.cpp">
      <Filter>engine\math</Filter>
    </ClCompile>
    <ClCompile Include="engine\math\Vector2.cpp">
      <Filter>engine\math</Filter>
    </ClCompile>
    <ClCompile Include="engine\math\Vector3.cpp">
      <Filter>engine\math</Filter>
    </ClCompile>
    <ClCompile Include="engine\math\Vector4.cpp">
      <Filter>engine\math</Filter>
    </ClCompile>
    <ClCompile Include="engine\math\WorldTransform.cpp">
      <Filter>engine\math</Filter>
    </ClCompile>
    <ClCompile Include="application\Enemy.cpp">
      <Filter>application</Filter>
    </ClCompile>
    <ClCompile Include="engine\math\MyMath.cpp">
      <Filter>engine\math</Filter>
    </ClCompile>
  </ItemGroup>
  <ItemGroup>
    <ClInclude Include="application\scene\GameScene.h">
      <Filter>application\Scene</Filter>
    </ClInclude>
    <ClInclude Include="application\scene\Framework.h">
      <Filter>application\Scene</Filter>
    </ClInclude>
    <ClInclude Include="engine\base\DirectXCommon\DirectXCommon.h">
      <Filter>engine\base\DirectXCommon</Filter>
    </ClInclude>
    <ClInclude Include="engine\base\input\Input.h">
      <Filter>engine\base\Input</Filter>
    </ClInclude>
    <ClInclude Include="engine\base\WinApp\WinApp.h">
      <Filter>engine\base\WinApp</Filter>
    </ClInclude>
    <ClInclude Include="engine\2d\SpriteCommon.h">
      <Filter>engine\2d</Filter>
    </ClInclude>
    <ClInclude Include="engine\2d\Sprite.h">
      <Filter>engine\2d</Filter>
    </ClInclude>
    <ClInclude Include="application\ParticleManager.h">
      <Filter>application</Filter>
    </ClInclude>
    <ClInclude Include="resource.h">
      <Filter>engine</Filter>
    </ClInclude>
    <ClInclude Include="engine\imgui\ImguiManager.h">
      <Filter>engine\imgui</Filter>
    </ClInclude>
    <ClInclude Include="engine\editor\LevelLoader.h">
      <Filter>engine\editor</Filter>
    </ClInclude>
    <ClInclude Include="engine\audio\SoundManager.h">
      <Filter>engine\audio</Filter>
    </ClInclude>
    <ClInclude Include="engine\3d\fbx\FbxLoader.h">
      <Filter>engine\3d\fbx</Filter>
    </ClInclude>
    <ClInclude Include="engine\3d\fbx\FbxModel.h">
      <Filter>engine\3d\fbx</Filter>
    </ClInclude>
    <ClInclude Include="engine\3d\fbx\FbxObject3d.h">
      <Filter>engine\3d\fbx</Filter>
    </ClInclude>
    <ClInclude Include="engine\3d\camera\Camera.h">
      <Filter>engine\3d\camera</Filter>
    </ClInclude>
    <ClInclude Include="engine\3d\model\Model.h">
      <Filter>engine\3d\obj</Filter>
    </ClInclude>
    <ClInclude Include="engine\3d\model\Object3d.h">
      <Filter>engine\3d\obj</Filter>
    </ClInclude>
    <ClInclude Include="application\Player.h">
      <Filter>application</Filter>
    </ClInclude>
    <ClInclude Include="application\Bullet.h">
      <Filter>application</Filter>
    </ClInclude>
    <ClInclude Include="engine\2d\PostEffect.h" />
    <ClInclude Include="application\Aimposition.h">
      <Filter>application</Filter>
    </ClInclude>
    <ClInclude Include="engine\math\Matrix4.h">
      <Filter>engine\math</Filter>
    </ClInclude>
    <ClInclude Include="engine\math\Vector2.h">
      <Filter>engine\math</Filter>
    </ClInclude>
    <ClInclude Include="engine\math\Vector3.h">
      <Filter>engine\math</Filter>
    </ClInclude>
    <ClInclude Include="engine\math\Vector4.h">
      <Filter>engine\math</Filter>
    </ClInclude>
    <ClInclude Include="engine\math\WorldTransform.h">
      <Filter>engine\math</Filter>
    </ClInclude>
    <ClInclude Include="application\Enemy.h">
      <Filter>application</Filter>
    </ClInclude>
    <ClInclude Include="engine\math\MyMath.h">
      <Filter>engine\math</Filter>
    </ClInclude>
  </ItemGroup>
  <ItemGroup>
    <None Include="ReadMe.md" />
    <None Include="Resources\shaders\Sprite.hlsli">
      <Filter>shader</Filter>
    </None>
    <None Include="Resources\shaders\Object3d.hlsli">
      <Filter>shader</Filter>
    </None>
    <None Include="Resources\shaders\Obj.hlsli">
      <Filter>shader</Filter>
    </None>
    <None Include="Resources\shaders\Particle.hlsli">
      <Filter>shader</Filter>
    </None>
    <None Include="Resources\shaders\FBX.hlsli">
      <Filter>shader</Filter>
    </None>
    <None Include="Resources\shaders\PostEefect.hlsli">
      <Filter>shader</Filter>
    </None>
  </ItemGroup>
  <ItemGroup>
    <Filter Include="engine">
      <UniqueIdentifier>{e798a682-4cbb-4292-8805-88da69e5cc1b}</UniqueIdentifier>
    </Filter>
    <Filter Include="engine\2d">
      <UniqueIdentifier>{7ab85726-81e5-4201-98ff-bc5472c4a93c}</UniqueIdentifier>
    </Filter>
    <Filter Include="engine\3d">
      <UniqueIdentifier>{3ad226cf-aff9-462b-adfe-6c1f19e0488d}</UniqueIdentifier>
    </Filter>
    <Filter Include="application">
      <UniqueIdentifier>{5b541252-93e8-469c-964a-eb9ea24525dd}</UniqueIdentifier>
    </Filter>
    <Filter Include="application\Scene">
      <UniqueIdentifier>{a5f8301a-0bf5-498c-bea8-95b45f17bc71}</UniqueIdentifier>
    </Filter>
    <Filter Include="shader">
      <UniqueIdentifier>{841b0bb9-6c44-499a-9c3e-aa23e89d1b3b}</UniqueIdentifier>
    </Filter>
    <Filter Include="engine\base">
      <UniqueIdentifier>{a4d0af79-3b69-404a-9f9a-84114340dfc6}</UniqueIdentifier>
    </Filter>
    <Filter Include="engine\base\WinApp">
      <UniqueIdentifier>{94f97e7d-9ca9-468b-a198-2837d0f6f160}</UniqueIdentifier>
    </Filter>
    <Filter Include="engine\base\Input">
      <UniqueIdentifier>{8d4fddd7-64e8-46e9-8179-cff66bd0b97f}</UniqueIdentifier>
    </Filter>
    <Filter Include="engine\base\DirectXCommon">
      <UniqueIdentifier>{4a937b8a-0fd1-4922-ba37-3d7351e55a0d}</UniqueIdentifier>
    </Filter>
    <Filter Include="engine\imgui">
      <UniqueIdentifier>{15bf9552-54ed-4f06-ab1e-419ffa265865}</UniqueIdentifier>
    </Filter>
    <Filter Include="engine\editor">
      <UniqueIdentifier>{8ad1b3b6-3e6c-4ac7-bc2a-b557d1123589}</UniqueIdentifier>
    </Filter>
    <Filter Include="engine\audio">
      <UniqueIdentifier>{4b48ae35-e2f7-4a04-953a-6efbdcf20aef}</UniqueIdentifier>
    </Filter>
    <Filter Include="engine\3d\fbx">
      <UniqueIdentifier>{529ac23e-5713-413d-9309-808c39bf8d0d}</UniqueIdentifier>
    </Filter>
    <Filter Include="engine\3d\obj">
      <UniqueIdentifier>{dc06c9a1-6739-4454-a977-a581bbd1506e}</UniqueIdentifier>
    </Filter>
    <Filter Include="engine\3d\camera">
      <UniqueIdentifier>{e35513d2-cfb3-4ea9-aa87-e626dc3b402d}</UniqueIdentifier>
    </Filter>
    <Filter Include="engine\math">
      <UniqueIdentifier>{723f8049-cdde-4666-9fff-fd0fb3e57e90}</UniqueIdentifier>
    </Filter>
  </ItemGroup>
  <ItemGroup>
    <ResourceCompile Include="CG2.rc" />
  </ItemGroup>
</Project>