<?xml version="1.0" encoding="utf-8"?>
<Project ToolsVersion="4.0" xmlns="http://schemas.microsoft.com/developer/msbuild/2003">
  <ItemGroup>
    <FxCompile Include="Resources\shaders\SpriteVS.hlsl">
      <Filter>hlsl</Filter>
    </FxCompile>
    <FxCompile Include="Resources\shaders\SpritePS.hlsl">
      <Filter>hlsl</Filter>
    </FxCompile>
    <FxCompile Include="Resources\shaders\ObjVS.hlsl">
      <Filter>hlsl</Filter>
    </FxCompile>
    <FxCompile Include="Resources\shaders\ObjPS.hlsl">
      <Filter>hlsl</Filter>
    </FxCompile>
    <FxCompile Include="Resources\shaders\Object3dVS.hlsl">
      <Filter>hlsl</Filter>
    </FxCompile>
    <FxCompile Include="Resources\shaders\Object3dPS.hlsl">
      <Filter>hlsl</Filter>
    </FxCompile>
    <FxCompile Include="BasicVS.hlsl">
      <Filter>hlsl</Filter>
    </FxCompile>
    <FxCompile Include="BasicPS.hlsl">
      <Filter>hlsl</Filter>
    </FxCompile>
  </ItemGroup>
  <ItemGroup>
    <ClCompile Include="Input.cpp">
      <Filter>ソースファイル\Input</Filter>
    </ClCompile>
    <ClCompile Include="WinApp.cpp">
      <Filter>ソースファイル\WinApp</Filter>
    </ClCompile>
    <ClCompile Include="DirectXCommon.cpp">
      <Filter>ソースファイル\DirectXCommon</Filter>
    </ClCompile>
    <ClCompile Include="SpriteCommon.cpp">
      <Filter>ソースファイル\Sprite</Filter>
    </ClCompile>
    <ClCompile Include="Sprite.cpp">
      <Filter>ソースファイル\Sprite</Filter>
    </ClCompile>
    <ClCompile Include="ImguiManager.cpp">
      <Filter>ソースファイル</Filter>
    </ClCompile>
    <ClCompile Include="Model.cpp">
      <Filter>ソースファイル</Filter>
    </ClCompile>
    <ClCompile Include="main.cpp">
      <Filter>ソースファイル</Filter>
    </ClCompile>
    <ClCompile Include="Object3d.cpp">
      <Filter>ソースファイル</Filter>
    </ClCompile>
    <ClCompile Include="Matrix4.cpp">
      <Filter>ソースファイル</Filter>
    </ClCompile>
    <ClCompile Include="Vector2.cpp">
      <Filter>ソースファイル</Filter>
    </ClCompile>
    <ClCompile Include="Vector3.cpp">
      <Filter>ソースファイル</Filter>
    </ClCompile>
    <ClCompile Include="WorldTransform.cpp">
      <Filter>ソースファイル</Filter>
    </ClCompile>
    <ClCompile Include="Vector4.cpp">
      <Filter>ソースファイル</Filter>
    </ClCompile>
    <ClCompile Include="Collision.cpp">
      <Filter>ソースファイル</Filter>
    </ClCompile>
  </ItemGroup>
  <ItemGroup>
    <ClInclude Include="Input.h">
      <Filter>ヘッダーファイル\Input</Filter>
    </ClInclude>
    <ClInclude Include="WinApp.h">
      <Filter>ヘッダーファイル\WinApp</Filter>
    </ClInclude>
    <ClInclude Include="DirectXCommon.h">
      <Filter>ヘッダーファイル\DirectXCommon</Filter>
    </ClInclude>
    <ClInclude Include="SpriteCommon.h">
      <Filter>ヘッダーファイル\Sprite</Filter>
    </ClInclude>
    <ClInclude Include="Sprite.h">
      <Filter>ヘッダーファイル\Sprite</Filter>
    </ClInclude>
    <ClInclude Include="resource.h" />
    <ClInclude Include="ImguiManager.h" />
    <ClInclude Include="Vector3.h">
      <Filter>ヘッダーファイル</Filter>
    </ClInclude>
    <ClInclude Include="Vector2.h">
      <Filter>ヘッダーファイル</Filter>
    </ClInclude>
    <ClInclude Include="Matrix4.h">
      <Filter>ヘッダーファイル</Filter>
    </ClInclude>
    <ClInclude Include="Object3d.h">
      <Filter>ヘッダーファイル</Filter>
    </ClInclude>
    <ClInclude Include="Model.h">
      <Filter>ヘッダーファイル</Filter>
    </ClInclude>
    <ClInclude Include="WorldTransform.h">
      <Filter>ヘッダーファイル</Filter>
    </ClInclude>
    <ClInclude Include="Vector4.h">
      <Filter>ヘッダーファイル</Filter>
    </ClInclude>
    <ClInclude Include="Collision.h">
      <Filter>ヘッダーファイル</Filter>
    </ClInclude>
    <ClInclude Include="CollisionPrimitive.h">
      <Filter>ヘッダーファイル</Filter>
    </ClInclude>
  </ItemGroup>
  <ItemGroup>
    <None Include="ReadMe.md" />
    <None Include="Basic.hlsli">
      <Filter>hlsl</Filter>
    </None>
    <None Include="Resources\shaders\Sprite.hlsli">
      <Filter>hlsl</Filter>
    </None>
    <None Include="Resources\shaders\Object3d.hlsli">
      <Filter>hlsl</Filter>
    </None>
    <None Include="Resources\shaders\Obj.hlsli">
      <Filter>hlsl</Filter>
    </None>
  </ItemGroup>
  <ItemGroup>
    <Filter Include="ヘッダーファイル">
      <UniqueIdentifier>{29e874e3-39f7-4cf1-8014-5cb10c12eb55}</UniqueIdentifier>
    </Filter>
    <Filter Include="ソースファイル">
      <UniqueIdentifier>{1e07f404-b116-4256-aad4-9236d1aa9f67}</UniqueIdentifier>
    </Filter>
    <Filter Include="ソースファイル\Input">
      <UniqueIdentifier>{8d4fddd7-64e8-46e9-8179-cff66bd0b97f}</UniqueIdentifier>
    </Filter>
    <Filter Include="ソースファイル\WinApp">
      <UniqueIdentifier>{94f97e7d-9ca9-468b-a198-2837d0f6f160}</UniqueIdentifier>
    </Filter>
    <Filter Include="ヘッダーファイル\Input">
      <UniqueIdentifier>{f4cdb743-80c9-4fea-ad25-88d5315216fd}</UniqueIdentifier>
    </Filter>
    <Filter Include="ヘッダーファイル\WinApp">
      <UniqueIdentifier>{929a0597-3b71-4415-a05c-d75582d5ac0b}</UniqueIdentifier>
    </Filter>
    <Filter Include="ヘッダーファイル\DirectXCommon">
      <UniqueIdentifier>{4a937b8a-0fd1-4922-ba37-3d7351e55a0d}</UniqueIdentifier>
    </Filter>
    <Filter Include="ソースファイル\DirectXCommon">
      <UniqueIdentifier>{f3616409-e7cc-41b8-a34e-c6ffb86e0c2b}</UniqueIdentifier>
    </Filter>
    <Filter Include="ソースファイル\Sprite">
      <UniqueIdentifier>{0894f1ca-b0bd-473a-82d0-71febf0d6994}</UniqueIdentifier>
    </Filter>
    <Filter Include="ヘッダーファイル\Sprite">
      <UniqueIdentifier>{3179ded5-69a5-4e41-9a2d-ef9a9502877a}</UniqueIdentifier>
    </Filter>
    <Filter Include="hlsl">
      <UniqueIdentifier>{841b0bb9-6c44-499a-9c3e-aa23e89d1b3b}</UniqueIdentifier>
    </Filter>
  </ItemGroup>
  <ItemGroup>
    <ResourceCompile Include="CG2.rc" />
  </ItemGroup>
</Project>